
Microsoft Visual Studio Solution File, Format Version 12.00
# Visual Studio 15
VisualStudioVersion = 15.0.28010.2048
MinimumVisualStudioVersion = 10.0.40219.1
Project("{FAE04EC0-301F-11D3-BF4B-00C04F79EFBC}") = "CodeFirst", "CodeFirst\CodeFirst.csproj", "{4D1FB326-61B9-47C2-ACD0-1FBD59EDEC91}"
EndProject
Global
	GlobalSection(SolutionConfigurationPlatforms) = preSolution
		Debug|Any CPU = Debug|Any CPU
		Release|Any CPU = Release|Any CPU
	EndGlobalSection
	GlobalSection(ProjectConfigurationPlatforms) = postSolution
		{4D1FB326-61B9-47C2-ACD0-1FBD59EDEC91}.Debug|Any CPU.ActiveCfg = Debug|Any CPU
		{4D1FB326-61B9-47C2-ACD0-1FBD59EDEC91}.Debug|Any CPU.Build.0 = Debug|Any CPU
		{4D1FB326-61B9-47C2-ACD0-1FBD59EDEC91}.Release|Any CPU.ActiveCfg = Release|Any CPU
		{4D1FB326-61B9-47C2-ACD0-1FBD59EDEC91}.Release|Any CPU.Build.0 = Release|Any CPU
	EndGlobalSection
	GlobalSection(SolutionProperties) = preSolution
		HideSolutionNode = FALSE
	EndGlobalSection
	GlobalSection(ExtensibilityGlobals) = postSolution
		SolutionGuid = {8BC1A75B-1817-4542-B920-F3F9870071B5}
	EndGlobalSection
EndGlobal
